<Solution>
  <Folder Name="/Elementi di soluzione/">
    <File Path="AGENTS.md" />
  </Folder>
  <Folder Name="/samples/">
    <Project Path="samples/BLite.Sample/BLite.Sample.csproj" />
  </Folder>
  <Folder Name="/src/">
    <Project Path="src/BLite.Client/BLite.Client.csproj" />
    <Project Path="src/BLite.Client.SourceGenerators/BLite.Client.SourceGenerators.csproj" />
    <Project Path="src/BLite.Proto/BLite.Proto.csproj" />
    <Project Path="src/BLite.Server/BLite.Server.csproj" />
  </Folder>
  <Folder Name="/tests/">
    <Project Path="tests/BLite.Client.IntegrationTests/BLite.Client.IntegrationTests.csproj" />
  </Folder>
</Solution>
